
Microsoft Visual Studio Solution File, Format Version 12.00
# Visual Studio 15
VisualStudioVersion = 15.0.27703.2042
MinimumVisualStudioVersion = 10.0.40219.1
Project("{FAE04EC0-301F-11D3-BF4B-00C04F79EFBC}") = "WebApp01", "WebApp01\WebApp01.csproj", "{C449A1D4-7BD2-4DE5-A0B9-9FF9D58CAFE4}"
EndProject
Global
	GlobalSection(SolutionConfigurationPlatforms) = preSolution
		Debug|Any CPU = Debug|Any CPU
		Release|Any CPU = Release|Any CPU
	EndGlobalSection
	GlobalSection(ProjectConfigurationPlatforms) = postSolution
		{C449A1D4-7BD2-4DE5-A0B9-9FF9D58CAFE4}.Debug|Any CPU.ActiveCfg = Debug|Any CPU
		{C449A1D4-7BD2-4DE5-A0B9-9FF9D58CAFE4}.Debug|Any CPU.Build.0 = Debug|Any CPU
		{C449A1D4-7BD2-4DE5-A0B9-9FF9D58CAFE4}.Release|Any CPU.ActiveCfg = Release|Any CPU
		{C449A1D4-7BD2-4DE5-A0B9-9FF9D58CAFE4}.Release|Any CPU.Build.0 = Release|Any CPU
	EndGlobalSection
	GlobalSection(SolutionProperties) = preSolution
		HideSolutionNode = FALSE
	EndGlobalSection
	GlobalSection(ExtensibilityGlobals) = postSolution
		SolutionGuid = {7A60E6A8-E5A8-4DAD-B6B7-74C157DF6EDF}
	EndGlobalSection
EndGlobal
